
Microsoft Visual Studio Solution File, Format Version 12.00
# Visual Studio Version 17
VisualStudioVersion = 17.0.31903.59
MinimumVisualStudioVersion = 10.0.40219.1
Project("{2150E333-8FDC-42A3-9474-1A3956D46DE8}") = "src", "src", "{827E0CD3-B72D-47B6-A68D-7590B98EB39B}"
EndProject
Project("{FAE04EC0-301F-11D3-BF4B-00C04F79EFBC}") = "WaxyCandles.Api", "src\WaxyCandles.Api\WaxyCandles.Api.csproj", "{D3334BE2-CFBD-44F2-A21A-5B98D9FAF5C2}"
EndProject
Project("{FAE04EC0-301F-11D3-BF4B-00C04F79EFBC}") = "WaxyCandles.Application", "src\WaxyCandles.Application\WaxyCandles.Application.csproj", "{65EE64B0-25FD-40DD-A212-8A479F39320A}"
EndProject
Project("{FAE04EC0-301F-11D3-BF4B-00C04F79EFBC}") = "WaxyCandles.Domain", "src\WaxyCandles.Domain\WaxyCandles.Domain.csproj", "{4E6F783C-8A05-4C72-B5CD-8ADBBBA8D967}"
EndProject
Project("{FAE04EC0-301F-11D3-BF4B-00C04F79EFBC}") = "WaxyCandles.Infrastructure", "src\WaxyCandles.Infrastructure\WaxyCandles.Infrastructure.csproj", "{60F88C55-E26A-4915-B446-FACCEB5D1D2D}"
EndProject
Project("{FAE04EC0-301F-11D3-BF4B-00C04F79EFBC}") = "WaxyCandles.PricePollingWorker", "src\WaxyCandles.PricePollingWorker\WaxyCandles.PricePollingWorker.csproj", "{7F93BC50-F72D-47DE-9993-31C5B2C48372}"
EndProject
Project("{2150E333-8FDC-42A3-9474-1A3956D46DE8}") = "tests", "tests", "{0AB3BF05-4346-4AA6-1389-037BE0695223}"
EndProject
Project("{FAE04EC0-301F-11D3-BF4B-00C04F79EFBC}") = "WaxyCandles.Tests", "tests\WaxyCandles.Tests\WaxyCandles.Tests.csproj", "{1DAB4B50-26FF-40A0-9760-080B4FFAA0C1}"
EndProject
Project("{FAE04EC0-301F-11D3-BF4B-00C04F79EFBC}") = "WaxyCandles.AlertWorker", "src\WaxyCandles.AlertWorker\WaxyCandles.AlertWorker.csproj", "{1E9CFBCA-5604-48A6-B0EB-22144AA19D36}"
EndProject
Project("{FAE04EC0-301F-11D3-BF4B-00C04F79EFBC}") = "WaxyCandles.OutboxWorker", "src\WaxyCandles.OutboxWorker\WaxyCandles.OutboxWorker.csproj", "{D55112E7-484D-4D32-B22E-9AF18BF4D5A8}"
EndProject
Global
	GlobalSection(SolutionConfigurationPlatforms) = preSolution
		Debug|Any CPU = Debug|Any CPU
		Debug|x64 = Debug|x64
		Debug|x86 = Debug|x86
		Release|Any CPU = Release|Any CPU
		Release|x64 = Release|x64
		Release|x86 = Release|x86
	EndGlobalSection
	GlobalSection(ProjectConfigurationPlatforms) = postSolution
		{D3334BE2-CFBD-44F2-A21A-5B98D9FAF5C2}.Debug|Any CPU.ActiveCfg = Debug|Any CPU
		{D3334BE2-CFBD-44F2-A21A-5B98D9FAF5C2}.Debug|Any CPU.Build.0 = Debug|Any CPU
		{D3334BE2-CFBD-44F2-A21A-5B98D9FAF5C2}.Debug|x64.ActiveCfg = Debug|Any CPU
		{D3334BE2-CFBD-44F2-A21A-5B98D9FAF5C2}.Debug|x64.Build.0 = Debug|Any CPU
		{D3334BE2-CFBD-44F2-A21A-5B98D9FAF5C2}.Debug|x86.ActiveCfg = Debug|Any CPU
		{D3334BE2-CFBD-44F2-A21A-5B98D9FAF5C2}.Debug|x86.Build.0 = Debug|Any CPU
		{D3334BE2-CFBD-44F2-A21A-5B98D9FAF5C2}.Release|Any CPU.ActiveCfg = Release|Any CPU
		{D3334BE2-CFBD-44F2-A21A-5B98D9FAF5C2}.Release|Any CPU.Build.0 = Release|Any CPU
		{D3334BE2-CFBD-44F2-A21A-5B98D9FAF5C2}.Release|x64.ActiveCfg = Release|Any CPU
		{D3334BE2-CFBD-44F2-A21A-5B98D9FAF5C2}.Release|x64.Build.0 = Release|Any CPU
		{D3334BE2-CFBD-44F2-A21A-5B98D9FAF5C2}.Release|x86.ActiveCfg = Release|Any CPU
		{D3334BE2-CFBD-44F2-A21A-5B98D9FAF5C2}.Release|x86.Build.0 = Release|Any CPU
		{65EE64B0-25FD-40DD-A212-8A479F39320A}.Debug|Any CPU.ActiveCfg = Debug|Any CPU
		{65EE64B0-25FD-40DD-A212-8A479F39320A}.Debug|Any CPU.Build.0 = Debug|Any CPU
		{65EE64B0-25FD-40DD-A212-8A479F39320A}.Debug|x64.ActiveCfg = Debug|Any CPU
		{65EE64B0-25FD-40DD-A212-8A479F39320A}.Debug|x64.Build.0 = Debug|Any CPU
		{65EE64B0-25FD-40DD-A212-8A479F39320A}.Debug|x86.ActiveCfg = Debug|Any CPU
		{65EE64B0-25FD-40DD-A212-8A479F39320A}.Debug|x86.Build.0 = Debug|Any CPU
		{65EE64B0-25FD-40DD-A212-8A479F39320A}.Release|Any CPU.ActiveCfg = Release|Any CPU
		{65EE64B0-25FD-40DD-A212-8A479F39320A}.Release|Any CPU.Build.0 = Release|Any CPU
		{65EE64B0-25FD-40DD-A212-8A479F39320A}.Release|x64.ActiveCfg = Release|Any CPU
		{65EE64B0-25FD-40DD-A212-8A479F39320A}.Release|x64.Build.0 = Release|Any CPU
		{65EE64B0-25FD-40DD-A212-8A479F39320A}.Release|x86.ActiveCfg = Release|Any CPU
		{65EE64B0-25FD-40DD-A212-8A479F39320A}.Release|x86.Build.0 = Release|Any CPU
		{4E6F783C-8A05-4C72-B5CD-8ADBBBA8D967}.Debug|Any CPU.ActiveCfg = Debug|Any CPU
		{4E6F783C-8A05-4C72-B5CD-8ADBBBA8D967}.Debug|Any CPU.Build.0 = Debug|Any CPU
		{4E6F783C-8A05-4C72-B5CD-8ADBBBA8D967}.Debug|x64.ActiveCfg = Debug|Any CPU
		{4E6F783C-8A05-4C72-B5CD-8ADBBBA8D967}.Debug|x64.Build.0 = Debug|Any CPU
		{4E6F783C-8A05-4C72-B5CD-8ADBBBA8D967}.Debug|x86.ActiveCfg = Debug|Any CPU
		{4E6F783C-8A05-4C72-B5CD-8ADBBBA8D967}.Debug|x86.Build.0 = Debug|Any CPU
		{4E6F783C-8A05-4C72-B5CD-8ADBBBA8D967}.Release|Any CPU.ActiveCfg = Release|Any CPU
		{4E6F783C-8A05-4C72-B5CD-8ADBBBA8D967}.Release|Any CPU.Build.0 = Release|Any CPU
		{4E6F783C-8A05-4C72-B5CD-8ADBBBA8D967}.Release|x64.ActiveCfg = Release|Any CPU
		{4E6F783C-8A05-4C72-B5CD-8ADBBBA8D967}.Release|x64.Build.0 = Release|Any CPU
		{4E6F783C-8A05-4C72-B5CD-8ADBBBA8D967}.Release|x86.ActiveCfg = Release|Any CPU
		{4E6F783C-8A05-4C72-B5CD-8ADBBBA8D967}.Release|x86.Build.0 = Release|Any CPU
		{60F88C55-E26A-4915-B446-FACCEB5D1D2D}.Debug|Any CPU.ActiveCfg = Debug|Any CPU
		{60F88C55-E26A-4915-B446-FACCEB5D1D2D}.Debug|Any CPU.Build.0 = Debug|Any CPU
		{60F88C55-E26A-4915-B446-FACCEB5D1D2D}.Debug|x64.ActiveCfg = Debug|Any CPU
		{60F88C55-E26A-4915-B446-FACCEB5D1D2D}.Debug|x64.Build.0 = Debug|Any CPU
		{60F88C55-E26A-4915-B446-FACCEB5D1D2D}.Debug|x86.ActiveCfg = Debug|Any CPU
		{60F88C55-E26A-4915-B446-FACCEB5D1D2D}.Debug|x86.Build.0 = Debug|Any CPU
		{60F88C55-E26A-4915-B446-FACCEB5D1D2D}.Release|Any CPU.ActiveCfg = Release|Any CPU
		{60F88C55-E26A-4915-B446-FACCEB5D1D2D}.Release|Any CPU.Build.0 = Release|Any CPU
		{60F88C55-E26A-4915-B446-FACCEB5D1D2D}.Release|x64.ActiveCfg = Release|Any CPU
		{60F88C55-E26A-4915-B446-FACCEB5D1D2D}.Release|x64.Build.0 = Release|Any CPU
		{60F88C55-E26A-4915-B446-FACCEB5D1D2D}.Release|x86.ActiveCfg = Release|Any CPU
		{60F88C55-E26A-4915-B446-FACCEB5D1D2D}.Release|x86.Build.0 = Release|Any CPU
		{7F93BC50-F72D-47DE-9993-31C5B2C48372}.Debug|Any CPU.ActiveCfg = Debug|Any CPU
		{7F93BC50-F72D-47DE-9993-31C5B2C48372}.Debug|Any CPU.Build.0 = Debug|Any CPU
		{7F93BC50-F72D-47DE-9993-31C5B2C48372}.Debug|x64.ActiveCfg = Debug|Any CPU
		{7F93BC50-F72D-47DE-9993-31C5B2C48372}.Debug|x64.Build.0 = Debug|Any CPU
		{7F93BC50-F72D-47DE-9993-31C5B2C48372}.Debug|x86.ActiveCfg = Debug|Any CPU
		{7F93BC50-F72D-47DE-9993-31C5B2C48372}.Debug|x86.Build.0 = Debug|Any CPU
		{7F93BC50-F72D-47DE-9993-31C5B2C48372}.Release|Any CPU.ActiveCfg = Release|Any CPU
		{7F93BC50-F72D-47DE-9993-31C5B2C48372}.Release|Any CPU.Build.0 = Release|Any CPU
		{7F93BC50-F72D-47DE-9993-31C5B2C48372}.Release|x64.ActiveCfg = Release|Any CPU
		{7F93BC50-F72D-47DE-9993-31C5B2C48372}.Release|x64.Build.0 = Release|Any CPU
		{7F93BC50-F72D-47DE-9993-31C5B2C48372}.Release|x86.ActiveCfg = Release|Any CPU
		{7F93BC50-F72D-47DE-9993-31C5B2C48372}.Release|x86.Build.0 = Release|Any CPU
		{1DAB4B50-26FF-40A0-9760-080B4FFAA0C1}.Debug|Any CPU.ActiveCfg = Debug|Any CPU
		{1DAB4B50-26FF-40A0-9760-080B4FFAA0C1}.Debug|Any CPU.Build.0 = Debug|Any CPU
		{1DAB4B50-26FF-40A0-9760-080B4FFAA0C1}.Debug|x64.ActiveCfg = Debug|Any CPU
		{1DAB4B50-26FF-40A0-9760-080B4FFAA0C1}.Debug|x64.Build.0 = Debug|Any CPU
		{1DAB4B50-26FF-40A0-9760-080B4FFAA0C1}.Debug|x86.ActiveCfg = Debug|Any CPU
		{1DAB4B50-26FF-40A0-9760-080B4FFAA0C1}.Debug|x86.Build.0 = Debug|Any CPU
		{1DAB4B50-26FF-40A0-9760-080B4FFAA0C1}.Release|Any CPU.ActiveCfg = Release|Any CPU
		{1DAB4B50-26FF-40A0-9760-080B4FFAA0C1}.Release|Any CPU.Build.0 = Release|Any CPU
		{1DAB4B50-26FF-40A0-9760-080B4FFAA0C1}.Release|x64.ActiveCfg = Release|Any CPU
		{1DAB4B50-26FF-40A0-9760-080B4FFAA0C1}.Release|x64.Build.0 = Release|Any CPU
		{1DAB4B50-26FF-40A0-9760-080B4FFAA0C1}.Release|x86.ActiveCfg = Release|Any CPU
		{1DAB4B50-26FF-40A0-9760-080B4FFAA0C1}.Release|x86.Build.0 = Release|Any CPU
		{1E9CFBCA-5604-48A6-B0EB-22144AA19D36}.Debug|Any CPU.ActiveCfg = Debug|Any CPU
		{1E9CFBCA-5604-48A6-B0EB-22144AA19D36}.Debug|Any CPU.Build.0 = Debug|Any CPU
		{1E9CFBCA-5604-48A6-B0EB-22144AA19D36}.Debug|x64.ActiveCfg = Debug|Any CPU
		{1E9CFBCA-5604-48A6-B0EB-22144AA19D36}.Debug|x64.Build.0 = Debug|Any CPU
		{1E9CFBCA-5604-48A6-B0EB-22144AA19D36}.Debug|x86.ActiveCfg = Debug|Any CPU
		{1E9CFBCA-5604-48A6-B0EB-22144AA19D36}.Debug|x86.Build.0 = Debug|Any CPU
		{1E9CFBCA-5604-48A6-B0EB-22144AA19D36}.Release|Any CPU.ActiveCfg = Release|Any CPU
		{1E9CFBCA-5604-48A6-B0EB-22144AA19D36}.Release|Any CPU.Build.0 = Release|Any CPU
		{1E9CFBCA-5604-48A6-B0EB-22144AA19D36}.Release|x64.ActiveCfg = Release|Any CPU
		{1E9CFBCA-5604-48A6-B0EB-22144AA19D36}.Release|x64.Build.0 = Release|Any CPU
		{1E9CFBCA-5604-48A6-B0EB-22144AA19D36}.Release|x86.ActiveCfg = Release|Any CPU
		{1E9CFBCA-5604-48A6-B0EB-22144AA19D36}.Release|x86.Build.0 = Release|Any CPU
		{D55112E7-484D-4D32-B22E-9AF18BF4D5A8}.Debug|Any CPU.ActiveCfg = Debug|Any CPU
		{D55112E7-484D-4D32-B22E-9AF18BF4D5A8}.Debug|Any CPU.Build.0 = Debug|Any CPU
		{D55112E7-484D-4D32-B22E-9AF18BF4D5A8}.Debug|x64.ActiveCfg = Debug|Any CPU
		{D55112E7-484D-4D32-B22E-9AF18BF4D5A8}.Debug|x64.Build.0 = Debug|Any CPU
		{D55112E7-484D-4D32-B22E-9AF18BF4D5A8}.Debug|x86.ActiveCfg = Debug|Any CPU
		{D55112E7-484D-4D32-B22E-9AF18BF4D5A8}.Debug|x86.Build.0 = Debug|Any CPU
		{D55112E7-484D-4D32-B22E-9AF18BF4D5A8}.Release|Any CPU.ActiveCfg = Release|Any CPU
		{D55112E7-484D-4D32-B22E-9AF18BF4D5A8}.Release|Any CPU.Build.0 = Release|Any CPU
		{D55112E7-484D-4D32-B22E-9AF18BF4D5A8}.Release|x64.ActiveCfg = Release|Any CPU
		{D55112E7-484D-4D32-B22E-9AF18BF4D5A8}.Release|x64.Build.0 = Release|Any CPU
		{D55112E7-484D-4D32-B22E-9AF18BF4D5A8}.Release|x86.ActiveCfg = Release|Any CPU
		{D55112E7-484D-4D32-B22E-9AF18BF4D5A8}.Release|x86.Build.0 = Release|Any CPU
	EndGlobalSection
	GlobalSection(SolutionProperties) = preSolution
		HideSolutionNode = FALSE
	EndGlobalSection
	GlobalSection(NestedProjects) = preSolution
		{D3334BE2-CFBD-44F2-A21A-5B98D9FAF5C2} = {827E0CD3-B72D-47B6-A68D-7590B98EB39B}
		{65EE64B0-25FD-40DD-A212-8A479F39320A} = {827E0CD3-B72D-47B6-A68D-7590B98EB39B}
		{4E6F783C-8A05-4C72-B5CD-8ADBBBA8D967} = {827E0CD3-B72D-47B6-A68D-7590B98EB39B}
		{60F88C55-E26A-4915-B446-FACCEB5D1D2D} = {827E0CD3-B72D-47B6-A68D-7590B98EB39B}
		{7F93BC50-F72D-47DE-9993-31C5B2C48372} = {827E0CD3-B72D-47B6-A68D-7590B98EB39B}
		{1DAB4B50-26FF-40A0-9760-080B4FFAA0C1} = {0AB3BF05-4346-4AA6-1389-037BE0695223}
		{1E9CFBCA-5604-48A6-B0EB-22144AA19D36} = {827E0CD3-B72D-47B6-A68D-7590B98EB39B}
		{D55112E7-484D-4D32-B22E-9AF18BF4D5A8} = {827E0CD3-B72D-47B6-A68D-7590B98EB39B}
	EndGlobalSection
EndGlobal
